// !$*UTF8*$!
{
	archiveVersion = 1;
	classes = {
	};
	objectVersion = 50;
	objects = {

/* Begin PBXBuildFile section */
		152471E525307E06006B39B4 /* AudioPlayerViewCell.xib in Resources */ = {isa = PBXBuildFile; fileRef = 152471E425307E06006B39B4 /* AudioPlayerViewCell.xib */; };
		152471E8253081BD006B39B4 /* AudioPlayerViewCell.swift in Sources */ = {isa = PBXBuildFile; fileRef = 152471E7253081BD006B39B4 /* AudioPlayerViewCell.swift */; };
		15266D60252BC7D9006A531D /* UILabelAccessibility.swift in Sources */ = {isa = PBXBuildFile; fileRef = 15266D5F252BC7D9006A531D /* UILabelAccessibility.swift */; };
		152EE5E6252B33A5002F379C /* AppDelegate.swift in Sources */ = {isa = PBXBuildFile; fileRef = 152EE5E5252B33A5002F379C /* AppDelegate.swift */; };
		152EE5E8252B33A5002F379C /* SceneDelegate.swift in Sources */ = {isa = PBXBuildFile; fileRef = 152EE5E7252B33A5002F379C /* SceneDelegate.swift */; };
		152EE5ED252B33A5002F379C /* Main.storyboard in Resources */ = {isa = PBXBuildFile; fileRef = 152EE5EB252B33A5002F379C /* Main.storyboard */; };
		152EE5EF252B33A7002F379C /* Assets.xcassets in Resources */ = {isa = PBXBuildFile; fileRef = 152EE5EE252B33A7002F379C /* Assets.xcassets */; };
		152EE5F2252B33A7002F379C /* LaunchScreen.storyboard in Resources */ = {isa = PBXBuildFile; fileRef = 152EE5F0252B33A7002F379C /* LaunchScreen.storyboard */; };
		1577FB99252F5A4700B990F2 /* DataManager.swift in Sources */ = {isa = PBXBuildFile; fileRef = 1577FB98252F5A4700B990F2 /* DataManager.swift */; };
		15C8F242252DFE5600DD9208 /* Memory.swift in Sources */ = {isa = PBXBuildFile; fileRef = 15C8F241252DFE5600DD9208 /* Memory.swift */; };
		15C8F246252DFF6600DD9208 /* Detail.swift in Sources */ = {isa = PBXBuildFile; fileRef = 15C8F245252DFF6600DD9208 /* Detail.swift */; };
		15C8F24B252E029700DD9208 /* TituloEtapaViewCell.xib in Resources */ = {isa = PBXBuildFile; fileRef = 15C8F249252E029700DD9208 /* TituloEtapaViewCell.xib */; };
		15C8F24C252E029700DD9208 /* TituloEtapaViewCell.swift in Sources */ = {isa = PBXBuildFile; fileRef = 15C8F24A252E029700DD9208 /* TituloEtapaViewCell.swift */; };
		15C8F25D252E08C000DD9208 /* CloudKit.framework in Frameworks */ = {isa = PBXBuildFile; fileRef = 15C8F25C252E08C000DD9208 /* CloudKit.framework */; };
		15CDC14B252C884A00BD9A11 /* SF-Pro-Display-Thin.otf in Resources */ = {isa = PBXBuildFile; fileRef = 15CDC139252C884800BD9A11 /* SF-Pro-Display-Thin.otf */; };
		15CDC14C252C884A00BD9A11 /* SF-Pro-Display-Regular.otf in Resources */ = {isa = PBXBuildFile; fileRef = 15CDC13A252C884800BD9A11 /* SF-Pro-Display-Regular.otf */; };
		15CDC14D252C884A00BD9A11 /* SF-Pro-Display-LightItalic.otf in Resources */ = {isa = PBXBuildFile; fileRef = 15CDC13B252C884800BD9A11 /* SF-Pro-Display-LightItalic.otf */; };
		15CDC14E252C884A00BD9A11 /* SF-Pro-Display-ThinItalic.otf in Resources */ = {isa = PBXBuildFile; fileRef = 15CDC13C252C884900BD9A11 /* SF-Pro-Display-ThinItalic.otf */; };
		15CDC14F252C884A00BD9A11 /* SF-Pro-Display-Bold.otf in Resources */ = {isa = PBXBuildFile; fileRef = 15CDC13D252C884900BD9A11 /* SF-Pro-Display-Bold.otf */; };
		15CDC150252C884A00BD9A11 /* SF-Pro-Display-Black.otf in Resources */ = {isa = PBXBuildFile; fileRef = 15CDC13E252C884900BD9A11 /* SF-Pro-Display-Black.otf */; };
		15CDC151252C884A00BD9A11 /* SF-Pro-Display-UltralightItalic.otf in Resources */ = {isa = PBXBuildFile; fileRef = 15CDC13F252C884900BD9A11 /* SF-Pro-Display-UltralightItalic.otf */; };
		15CDC152252C884A00BD9A11 /* SF-Pro-Display-Light.otf in Resources */ = {isa = PBXBuildFile; fileRef = 15CDC140252C884900BD9A11 /* SF-Pro-Display-Light.otf */; };
		15CDC153252C884A00BD9A11 /* SF-Pro-Display-BlackItalic.otf in Resources */ = {isa = PBXBuildFile; fileRef = 15CDC141252C884900BD9A11 /* SF-Pro-Display-BlackItalic.otf */; };
		15CDC154252C884A00BD9A11 /* SF-Pro-Display-MediumItalic.otf in Resources */ = {isa = PBXBuildFile; fileRef = 15CDC142252C884900BD9A11 /* SF-Pro-Display-MediumItalic.otf */; };
		15CDC155252C884A00BD9A11 /* SF-Pro-Display-RegularItalic.otf in Resources */ = {isa = PBXBuildFile; fileRef = 15CDC143252C884900BD9A11 /* SF-Pro-Display-RegularItalic.otf */; };
		15CDC156252C884A00BD9A11 /* SF-Pro-Display-SemiboldItalic.otf in Resources */ = {isa = PBXBuildFile; fileRef = 15CDC144252C884900BD9A11 /* SF-Pro-Display-SemiboldItalic.otf */; };
		15CDC157252C884A00BD9A11 /* SF-Pro-Display-Medium.otf in Resources */ = {isa = PBXBuildFile; fileRef = 15CDC145252C884A00BD9A11 /* SF-Pro-Display-Medium.otf */; };
		15CDC158252C884A00BD9A11 /* SF-Pro-Display-HeavyItalic.otf in Resources */ = {isa = PBXBuildFile; fileRef = 15CDC146252C884A00BD9A11 /* SF-Pro-Display-HeavyItalic.otf */; };
		15CDC159252C884A00BD9A11 /* SF-Pro-Display-Ultralight.otf in Resources */ = {isa = PBXBuildFile; fileRef = 15CDC147252C884A00BD9A11 /* SF-Pro-Display-Ultralight.otf */; };
		15CDC15A252C884A00BD9A11 /* SF-Pro-Display-BoldItalic.otf in Resources */ = {isa = PBXBuildFile; fileRef = 15CDC148252C884A00BD9A11 /* SF-Pro-Display-BoldItalic.otf */; };
		15CDC15B252C884A00BD9A11 /* SF-Pro-Display-Heavy.otf in Resources */ = {isa = PBXBuildFile; fileRef = 15CDC149252C884A00BD9A11 /* SF-Pro-Display-Heavy.otf */; };
		15CDC15C252C884A00BD9A11 /* SF-Pro-Display-Semibold.otf in Resources */ = {isa = PBXBuildFile; fileRef = 15CDC14A252C884A00BD9A11 /* SF-Pro-Display-Semibold.otf */; };
		15CDC160252CBFF000BD9A11 /* InputAudioVC.swift in Sources */ = {isa = PBXBuildFile; fileRef = 15CDC15F252CBFF000BD9A11 /* InputAudioVC.swift */; };
		15CDC163252CC00A00BD9A11 /* InputAudio.storyboard in Resources */ = {isa = PBXBuildFile; fileRef = 15CDC162252CC00A00BD9A11 /* InputAudio.storyboard */; };
		8D73C87A252EB36E008EF1FD /* UIButtonAccessibility.swift in Sources */ = {isa = PBXBuildFile; fileRef = 8D73C879252EB36E008EF1FD /* UIButtonAccessibility.swift */; };
		8D73C87D252EB3A4008EF1FD /* UITextViewAccessibility.swift in Sources */ = {isa = PBXBuildFile; fileRef = 8D73C87C252EB3A4008EF1FD /* UITextViewAccessibility.swift */; };
		8D73C88B252FFE65008EF1FD /* ScrollViewKeyboard.swift in Sources */ = {isa = PBXBuildFile; fileRef = 8D73C88A252FFE65008EF1FD /* ScrollViewKeyboard.swift */; };
		8DDCAB82252E1C670012B671 /* MemoryCollectionViewController.swift in Sources */ = {isa = PBXBuildFile; fileRef = 8DDCAB81252E1C670012B671 /* MemoryCollectionViewController.swift */; };
		8DDCAB86252E20570012B671 /* QuestionViewController.swift in Sources */ = {isa = PBXBuildFile; fileRef = 8DDCAB85252E20570012B671 /* QuestionViewController.swift */; };
		8DDCAB9A252EA0290012B671 /* Alerts.swift in Sources */ = {isa = PBXBuildFile; fileRef = 8DDCAB99252EA0290012B671 /* Alerts.swift */; };
		8DDCABA1252EACCA0012B671 /* TraitCollectionAccessibility.swift in Sources */ = {isa = PBXBuildFile; fileRef = 8DDCABA0252EACCA0012B671 /* TraitCollectionAccessibility.swift */; };
/* End PBXBuildFile section */

/* Begin PBXFileReference section */
		152471E425307E06006B39B4 /* AudioPlayerViewCell.xib */ = {isa = PBXFileReference; lastKnownFileType = file.xib; path = AudioPlayerViewCell.xib; sourceTree = "<group>"; };
		152471E7253081BD006B39B4 /* AudioPlayerViewCell.swift */ = {isa = PBXFileReference; lastKnownFileType = sourcecode.swift; path = AudioPlayerViewCell.swift; sourceTree = "<group>"; };
		15266D5F252BC7D9006A531D /* UILabelAccessibility.swift */ = {isa = PBXFileReference; lastKnownFileType = sourcecode.swift; path = UILabelAccessibility.swift; sourceTree = "<group>"; };
		152EE5E2252B33A5002F379C /* Memoria.app */ = {isa = PBXFileReference; explicitFileType = wrapper.application; includeInIndex = 0; path = Memoria.app; sourceTree = BUILT_PRODUCTS_DIR; };
		152EE5E5252B33A5002F379C /* AppDelegate.swift */ = {isa = PBXFileReference; lastKnownFileType = sourcecode.swift; path = AppDelegate.swift; sourceTree = "<group>"; };
		152EE5E7252B33A5002F379C /* SceneDelegate.swift */ = {isa = PBXFileReference; lastKnownFileType = sourcecode.swift; path = SceneDelegate.swift; sourceTree = "<group>"; };
		152EE5EC252B33A5002F379C /* Base */ = {isa = PBXFileReference; lastKnownFileType = file.storyboard; name = Base; path = Base.lproj/Main.storyboard; sourceTree = "<group>"; };
		152EE5EE252B33A7002F379C /* Assets.xcassets */ = {isa = PBXFileReference; lastKnownFileType = folder.assetcatalog; path = Assets.xcassets; sourceTree = "<group>"; };
		152EE5F1252B33A7002F379C /* Base */ = {isa = PBXFileReference; lastKnownFileType = file.storyboard; name = Base; path = Base.lproj/LaunchScreen.storyboard; sourceTree = "<group>"; };
		152EE5F3252B33A7002F379C /* Info.plist */ = {isa = PBXFileReference; lastKnownFileType = text.plist.xml; path = Info.plist; sourceTree = "<group>"; };
		1577FB98252F5A4700B990F2 /* DataManager.swift */ = {isa = PBXFileReference; lastKnownFileType = sourcecode.swift; path = DataManager.swift; sourceTree = "<group>"; };
		15C8F241252DFE5600DD9208 /* Memory.swift */ = {isa = PBXFileReference; lastKnownFileType = sourcecode.swift; path = Memory.swift; sourceTree = "<group>"; };
		15C8F245252DFF6600DD9208 /* Detail.swift */ = {isa = PBXFileReference; lastKnownFileType = sourcecode.swift; path = Detail.swift; sourceTree = "<group>"; };
		15C8F249252E029700DD9208 /* TituloEtapaViewCell.xib */ = {isa = PBXFileReference; fileEncoding = 4; lastKnownFileType = file.xib; path = TituloEtapaViewCell.xib; sourceTree = "<group>"; };
		15C8F24A252E029700DD9208 /* TituloEtapaViewCell.swift */ = {isa = PBXFileReference; fileEncoding = 4; lastKnownFileType = sourcecode.swift; path = TituloEtapaViewCell.swift; sourceTree = "<group>"; };
		15C8F259252E08B300DD9208 /* Memoria.entitlements */ = {isa = PBXFileReference; lastKnownFileType = text.plist.entitlements; path = Memoria.entitlements; sourceTree = "<group>"; };
		15C8F25C252E08C000DD9208 /* CloudKit.framework */ = {isa = PBXFileReference; lastKnownFileType = wrapper.framework; name = CloudKit.framework; path = System/Library/Frameworks/CloudKit.framework; sourceTree = SDKROOT; };
		15CDC139252C884800BD9A11 /* SF-Pro-Display-Thin.otf */ = {isa = PBXFileReference; lastKnownFileType = file; path = "SF-Pro-Display-Thin.otf"; sourceTree = "<group>"; };
		15CDC13A252C884800BD9A11 /* SF-Pro-Display-Regular.otf */ = {isa = PBXFileReference; lastKnownFileType = file; path = "SF-Pro-Display-Regular.otf"; sourceTree = "<group>"; };
		15CDC13B252C884800BD9A11 /* SF-Pro-Display-LightItalic.otf */ = {isa = PBXFileReference; lastKnownFileType = file; path = "SF-Pro-Display-LightItalic.otf"; sourceTree = "<group>"; };
		15CDC13C252C884900BD9A11 /* SF-Pro-Display-ThinItalic.otf */ = {isa = PBXFileReference; lastKnownFileType = file; path = "SF-Pro-Display-ThinItalic.otf"; sourceTree = "<group>"; };
		15CDC13D252C884900BD9A11 /* SF-Pro-Display-Bold.otf */ = {isa = PBXFileReference; lastKnownFileType = file; path = "SF-Pro-Display-Bold.otf"; sourceTree = "<group>"; };
		15CDC13E252C884900BD9A11 /* SF-Pro-Display-Black.otf */ = {isa = PBXFileReference; lastKnownFileType = file; path = "SF-Pro-Display-Black.otf"; sourceTree = "<group>"; };
		15CDC13F252C884900BD9A11 /* SF-Pro-Display-UltralightItalic.otf */ = {isa = PBXFileReference; lastKnownFileType = file; path = "SF-Pro-Display-UltralightItalic.otf"; sourceTree = "<group>"; };
		15CDC140252C884900BD9A11 /* SF-Pro-Display-Light.otf */ = {isa = PBXFileReference; lastKnownFileType = file; path = "SF-Pro-Display-Light.otf"; sourceTree = "<group>"; };
		15CDC141252C884900BD9A11 /* SF-Pro-Display-BlackItalic.otf */ = {isa = PBXFileReference; lastKnownFileType = file; path = "SF-Pro-Display-BlackItalic.otf"; sourceTree = "<group>"; };
		15CDC142252C884900BD9A11 /* SF-Pro-Display-MediumItalic.otf */ = {isa = PBXFileReference; lastKnownFileType = file; path = "SF-Pro-Display-MediumItalic.otf"; sourceTree = "<group>"; };
		15CDC143252C884900BD9A11 /* SF-Pro-Display-RegularItalic.otf */ = {isa = PBXFileReference; lastKnownFileType = file; path = "SF-Pro-Display-RegularItalic.otf"; sourceTree = "<group>"; };
		15CDC144252C884900BD9A11 /* SF-Pro-Display-SemiboldItalic.otf */ = {isa = PBXFileReference; lastKnownFileType = file; path = "SF-Pro-Display-SemiboldItalic.otf"; sourceTree = "<group>"; };
		15CDC145252C884A00BD9A11 /* SF-Pro-Display-Medium.otf */ = {isa = PBXFileReference; lastKnownFileType = file; path = "SF-Pro-Display-Medium.otf"; sourceTree = "<group>"; };
		15CDC146252C884A00BD9A11 /* SF-Pro-Display-HeavyItalic.otf */ = {isa = PBXFileReference; lastKnownFileType = file; path = "SF-Pro-Display-HeavyItalic.otf"; sourceTree = "<group>"; };
		15CDC147252C884A00BD9A11 /* SF-Pro-Display-Ultralight.otf */ = {isa = PBXFileReference; lastKnownFileType = file; path = "SF-Pro-Display-Ultralight.otf"; sourceTree = "<group>"; };
		15CDC148252C884A00BD9A11 /* SF-Pro-Display-BoldItalic.otf */ = {isa = PBXFileReference; lastKnownFileType = file; path = "SF-Pro-Display-BoldItalic.otf"; sourceTree = "<group>"; };
		15CDC149252C884A00BD9A11 /* SF-Pro-Display-Heavy.otf */ = {isa = PBXFileReference; lastKnownFileType = file; path = "SF-Pro-Display-Heavy.otf"; sourceTree = "<group>"; };
		15CDC14A252C884A00BD9A11 /* SF-Pro-Display-Semibold.otf */ = {isa = PBXFileReference; lastKnownFileType = file; path = "SF-Pro-Display-Semibold.otf"; sourceTree = "<group>"; };
		15CDC15F252CBFF000BD9A11 /* InputAudioVC.swift */ = {isa = PBXFileReference; lastKnownFileType = sourcecode.swift; path = InputAudioVC.swift; sourceTree = "<group>"; };
		15CDC162252CC00A00BD9A11 /* InputAudio.storyboard */ = {isa = PBXFileReference; lastKnownFileType = file.storyboard; path = InputAudio.storyboard; sourceTree = "<group>"; };
		8D73C879252EB36E008EF1FD /* UIButtonAccessibility.swift */ = {isa = PBXFileReference; lastKnownFileType = sourcecode.swift; path = UIButtonAccessibility.swift; sourceTree = "<group>"; };
		8D73C87C252EB3A4008EF1FD /* UITextViewAccessibility.swift */ = {isa = PBXFileReference; lastKnownFileType = sourcecode.swift; path = UITextViewAccessibility.swift; sourceTree = "<group>"; };
		8D73C88A252FFE65008EF1FD /* ScrollViewKeyboard.swift */ = {isa = PBXFileReference; lastKnownFileType = sourcecode.swift; path = ScrollViewKeyboard.swift; sourceTree = "<group>"; };
		8DDCAB81252E1C670012B671 /* MemoryCollectionViewController.swift */ = {isa = PBXFileReference; lastKnownFileType = sourcecode.swift; path = MemoryCollectionViewController.swift; sourceTree = "<group>"; };
		8DDCAB85252E20570012B671 /* QuestionViewController.swift */ = {isa = PBXFileReference; lastKnownFileType = sourcecode.swift; path = QuestionViewController.swift; sourceTree = "<group>"; };
		8DDCAB99252EA0290012B671 /* Alerts.swift */ = {isa = PBXFileReference; lastKnownFileType = sourcecode.swift; path = Alerts.swift; sourceTree = "<group>"; };
		8DDCABA0252EACCA0012B671 /* TraitCollectionAccessibility.swift */ = {isa = PBXFileReference; lastKnownFileType = sourcecode.swift; path = TraitCollectionAccessibility.swift; sourceTree = "<group>"; };
/* End PBXFileReference section */

/* Begin PBXFrameworksBuildPhase section */
		152EE5DF252B33A5002F379C /* Frameworks */ = {
			isa = PBXFrameworksBuildPhase;
			buildActionMask = 2147483647;
			files = (
				15C8F25D252E08C000DD9208 /* CloudKit.framework in Frameworks */,
			);
			runOnlyForDeploymentPostprocessing = 0;
		};
/* End PBXFrameworksBuildPhase section */

/* Begin PBXGroup section */
		152471E325307DB3006B39B4 /* AudioPlayer */ = {
			isa = PBXGroup;
			children = (
				152471E425307E06006B39B4 /* AudioPlayerViewCell.xib */,
				152471E7253081BD006B39B4 /* AudioPlayerViewCell.swift */,
			);
			path = AudioPlayer;
			sourceTree = "<group>";
		};
		15266D5E252BC7BE006A531D /* Extensions */ = {
			isa = PBXGroup;
			children = (
				15266D5F252BC7D9006A531D /* UILabelAccessibility.swift */,
				8D73C879252EB36E008EF1FD /* UIButtonAccessibility.swift */,
				8D73C87C252EB3A4008EF1FD /* UITextViewAccessibility.swift */,
				8DDCABA0252EACCA0012B671 /* TraitCollectionAccessibility.swift */,
				8DDCAB99252EA0290012B671 /* Alerts.swift */,
				8D73C88A252FFE65008EF1FD /* ScrollViewKeyboard.swift */,
			);
			path = Extensions;
			sourceTree = "<group>";
		};
		152EE5D9252B33A5002F379C = {
			isa = PBXGroup;
			children = (
				152EE5E4252B33A5002F379C /* Memoria */,
				152EE5E3252B33A5002F379C /* Products */,
				15C8F25B252E08C000DD9208 /* Frameworks */,
			);
			sourceTree = "<group>";
		};
		152EE5E3252B33A5002F379C /* Products */ = {
			isa = PBXGroup;
			children = (
				152EE5E2252B33A5002F379C /* Memoria.app */,
			);
			name = Products;
			sourceTree = "<group>";
		};
		152EE5E4252B33A5002F379C /* Memoria */ = {
			isa = PBXGroup;
			children = (
				15C8F259252E08B300DD9208 /* Memoria.entitlements */,
				15C8F240252DF6EF00DD9208 /* Xibs */,
				15C8F23E252DF49800DD9208 /* Models */,
				15C8F23D252DF48C00DD9208 /* Controllers */,
				15C8F23B252DF46B00DD9208 /* Views */,
				15CDC138252C880000BD9A11 /* SF-Pro-Font */,
				15266D5E252BC7BE006A531D /* Extensions */,
				152EE5E5252B33A5002F379C /* AppDelegate.swift */,
				152EE5E7252B33A5002F379C /* SceneDelegate.swift */,
				152EE5EE252B33A7002F379C /* Assets.xcassets */,
				152EE5F0252B33A7002F379C /* LaunchScreen.storyboard */,
				152EE5F3252B33A7002F379C /* Info.plist */,
			);
			path = Memoria;
			sourceTree = "<group>";
		};
		15C8F23B252DF46B00DD9208 /* Views */ = {
			isa = PBXGroup;
			children = (
				152EE5EB252B33A5002F379C /* Main.storyboard */,
				15CDC162252CC00A00BD9A11 /* InputAudio.storyboard */,
			);
			path = Views;
			sourceTree = "<group>";
		};
		15C8F23D252DF48C00DD9208 /* Controllers */ = {
			isa = PBXGroup;
			children = (
				15CDC15F252CBFF000BD9A11 /* InputAudioVC.swift */,
				8DDCAB81252E1C670012B671 /* MemoryCollectionViewController.swift */,
				8DDCAB85252E20570012B671 /* QuestionViewController.swift */,
				1577FB98252F5A4700B990F2 /* DataManager.swift */,
			);
			path = Controllers;
			sourceTree = "<group>";
		};
		15C8F23E252DF49800DD9208 /* Models */ = {
			isa = PBXGroup;
			children = (
				15C8F241252DFE5600DD9208 /* Memory.swift */,
				15C8F245252DFF6600DD9208 /* Detail.swift */,
			);
			path = Models;
			sourceTree = "<group>";
		};
		15C8F240252DF6EF00DD9208 /* Xibs */ = {
			isa = PBXGroup;
			children = (
				152471E325307DB3006B39B4 /* AudioPlayer */,
				15C8F248252E023B00DD9208 /* TituloEtapaCell */,
			);
			path = Xibs;
			sourceTree = "<group>";
		};
		15C8F248252E023B00DD9208 /* TituloEtapaCell */ = {
			isa = PBXGroup;
			children = (
				15C8F24A252E029700DD9208 /* TituloEtapaViewCell.swift */,
				15C8F249252E029700DD9208 /* TituloEtapaViewCell.xib */,
			);
			path = TituloEtapaCell;
			sourceTree = "<group>";
		};
		15C8F25B252E08C000DD9208 /* Frameworks */ = {
			isa = PBXGroup;
			children = (
				15C8F25C252E08C000DD9208 /* CloudKit.framework */,
			);
			name = Frameworks;
			sourceTree = "<group>";
		};
		15CDC138252C880000BD9A11 /* SF-Pro-Font */ = {
			isa = PBXGroup;
			children = (
				15CDC13E252C884900BD9A11 /* SF-Pro-Display-Black.otf */,
				15CDC141252C884900BD9A11 /* SF-Pro-Display-BlackItalic.otf */,
				15CDC13D252C884900BD9A11 /* SF-Pro-Display-Bold.otf */,
				15CDC148252C884A00BD9A11 /* SF-Pro-Display-BoldItalic.otf */,
				15CDC149252C884A00BD9A11 /* SF-Pro-Display-Heavy.otf */,
				15CDC146252C884A00BD9A11 /* SF-Pro-Display-HeavyItalic.otf */,
				15CDC140252C884900BD9A11 /* SF-Pro-Display-Light.otf */,
				15CDC13B252C884800BD9A11 /* SF-Pro-Display-LightItalic.otf */,
				15CDC145252C884A00BD9A11 /* SF-Pro-Display-Medium.otf */,
				15CDC142252C884900BD9A11 /* SF-Pro-Display-MediumItalic.otf */,
				15CDC13A252C884800BD9A11 /* SF-Pro-Display-Regular.otf */,
				15CDC143252C884900BD9A11 /* SF-Pro-Display-RegularItalic.otf */,
				15CDC14A252C884A00BD9A11 /* SF-Pro-Display-Semibold.otf */,
				15CDC144252C884900BD9A11 /* SF-Pro-Display-SemiboldItalic.otf */,
				15CDC139252C884800BD9A11 /* SF-Pro-Display-Thin.otf */,
				15CDC13C252C884900BD9A11 /* SF-Pro-Display-ThinItalic.otf */,
				15CDC147252C884A00BD9A11 /* SF-Pro-Display-Ultralight.otf */,
				15CDC13F252C884900BD9A11 /* SF-Pro-Display-UltralightItalic.otf */,
			);
			path = "SF-Pro-Font";
			sourceTree = "<group>";
		};
/* End PBXGroup section */

/* Begin PBXNativeTarget section */
		152EE5E1252B33A5002F379C /* Memoria */ = {
			isa = PBXNativeTarget;
			buildConfigurationList = 152EE5F6252B33A7002F379C /* Build configuration list for PBXNativeTarget "Memoria" */;
			buildPhases = (
				152EE5DE252B33A5002F379C /* Sources */,
				152EE5DF252B33A5002F379C /* Frameworks */,
				152EE5E0252B33A5002F379C /* Resources */,
				8D021454252B4C1E00D575E3 /* ShellScript */,
			);
			buildRules = (
			);
			dependencies = (
			);
			name = Memoria;
			productName = Memoria;
			productReference = 152EE5E2252B33A5002F379C /* Memoria.app */;
			productType = "com.apple.product-type.application";
		};
/* End PBXNativeTarget section */

/* Begin PBXProject section */
		152EE5DA252B33A5002F379C /* Project object */ = {
			isa = PBXProject;
			attributes = {
				LastSwiftUpdateCheck = 1200;
				LastUpgradeCheck = 1200;
				TargetAttributes = {
					152EE5E1252B33A5002F379C = {
						CreatedOnToolsVersion = 12.0.1;
					};
				};
			};
			buildConfigurationList = 152EE5DD252B33A5002F379C /* Build configuration list for PBXProject "Memoria" */;
			compatibilityVersion = "Xcode 9.3";
			developmentRegion = en;
			hasScannedForEncodings = 0;
			knownRegions = (
				en,
				Base,
			);
			mainGroup = 152EE5D9252B33A5002F379C;
			productRefGroup = 152EE5E3252B33A5002F379C /* Products */;
			projectDirPath = "";
			projectRoot = "";
			targets = (
				152EE5E1252B33A5002F379C /* Memoria */,
			);
		};
/* End PBXProject section */

/* Begin PBXResourcesBuildPhase section */
		152EE5E0252B33A5002F379C /* Resources */ = {
			isa = PBXResourcesBuildPhase;
			buildActionMask = 2147483647;
			files = (
				15CDC153252C884A00BD9A11 /* SF-Pro-Display-BlackItalic.otf in Resources */,
				15CDC14B252C884A00BD9A11 /* SF-Pro-Display-Thin.otf in Resources */,
				15CDC15B252C884A00BD9A11 /* SF-Pro-Display-Heavy.otf in Resources */,
				15CDC14F252C884A00BD9A11 /* SF-Pro-Display-Bold.otf in Resources */,
				15CDC154252C884A00BD9A11 /* SF-Pro-Display-MediumItalic.otf in Resources */,
				152EE5F2252B33A7002F379C /* LaunchScreen.storyboard in Resources */,
				15CDC159252C884A00BD9A11 /* SF-Pro-Display-Ultralight.otf in Resources */,
				152EE5EF252B33A7002F379C /* Assets.xcassets in Resources */,
				15C8F24B252E029700DD9208 /* TituloEtapaViewCell.xib in Resources */,
				15CDC158252C884A00BD9A11 /* SF-Pro-Display-HeavyItalic.otf in Resources */,
				15CDC14E252C884A00BD9A11 /* SF-Pro-Display-ThinItalic.otf in Resources */,
				15CDC15A252C884A00BD9A11 /* SF-Pro-Display-BoldItalic.otf in Resources */,
				15CDC155252C884A00BD9A11 /* SF-Pro-Display-RegularItalic.otf in Resources */,
				15CDC14C252C884A00BD9A11 /* SF-Pro-Display-Regular.otf in Resources */,
				15CDC151252C884A00BD9A11 /* SF-Pro-Display-UltralightItalic.otf in Resources */,
				15CDC150252C884A00BD9A11 /* SF-Pro-Display-Black.otf in Resources */,
				15CDC156252C884A00BD9A11 /* SF-Pro-Display-SemiboldItalic.otf in Resources */,
				15CDC163252CC00A00BD9A11 /* InputAudio.storyboard in Resources */,
				152471E525307E06006B39B4 /* AudioPlayerViewCell.xib in Resources */,
				152EE5ED252B33A5002F379C /* Main.storyboard in Resources */,
				15CDC152252C884A00BD9A11 /* SF-Pro-Display-Light.otf in Resources */,
				15CDC14D252C884A00BD9A11 /* SF-Pro-Display-LightItalic.otf in Resources */,
				15CDC15C252C884A00BD9A11 /* SF-Pro-Display-Semibold.otf in Resources */,
				15CDC157252C884A00BD9A11 /* SF-Pro-Display-Medium.otf in Resources */,
			);
			runOnlyForDeploymentPostprocessing = 0;
		};
/* End PBXResourcesBuildPhase section */

/* Begin PBXShellScriptBuildPhase section */
		8D021454252B4C1E00D575E3 /* ShellScript */ = {
			isa = PBXShellScriptBuildPhase;
			buildActionMask = 2147483647;
			files = (
			);
			inputFileListPaths = (
			);
			inputPaths = (
			);
			outputFileListPaths = (
			);
			outputPaths = (
			);
			runOnlyForDeploymentPostprocessing = 0;
			shellPath = /bin/sh;
			shellScript = "if which swiftlint >/dev/null; then\nswiftlint\nelse\necho \"warning: Swiftlint not installed, download from https://github.com/realm/SwiftLint\"\nfi\n";
		};
/* End PBXShellScriptBuildPhase section */

/* Begin PBXSourcesBuildPhase section */
		152EE5DE252B33A5002F379C /* Sources */ = {
			isa = PBXSourcesBuildPhase;
			buildActionMask = 2147483647;
			files = (
				15C8F242252DFE5600DD9208 /* Memory.swift in Sources */,
				15C8F246252DFF6600DD9208 /* Detail.swift in Sources */,
				8DDCAB82252E1C670012B671 /* MemoryCollectionViewController.swift in Sources */,
				1577FB99252F5A4700B990F2 /* DataManager.swift in Sources */,
				15C8F24C252E029700DD9208 /* TituloEtapaViewCell.swift in Sources */,
				8D73C88B252FFE65008EF1FD /* ScrollViewKeyboard.swift in Sources */,
				8DDCABA1252EACCA0012B671 /* TraitCollectionAccessibility.swift in Sources */,
				152EE5E6252B33A5002F379C /* AppDelegate.swift in Sources */,
				8DDCAB86252E20570012B671 /* QuestionViewController.swift in Sources */,
				8D73C87A252EB36E008EF1FD /* UIButtonAccessibility.swift in Sources */,
				152EE5E8252B33A5002F379C /* SceneDelegate.swift in Sources */,
				152471E8253081BD006B39B4 /* AudioPlayerViewCell.swift in Sources */,
				15266D60252BC7D9006A531D /* UILabelAccessibility.swift in Sources */,
				8DDCAB9A252EA0290012B671 /* Alerts.swift in Sources */,
				8D73C87D252EB3A4008EF1FD /* UITextViewAccessibility.swift in Sources */,
				15CDC160252CBFF000BD9A11 /* InputAudioVC.swift in Sources */,
			);
			runOnlyForDeploymentPostprocessing = 0;
		};
/* End PBXSourcesBuildPhase section */

/* Begin PBXVariantGroup section */
		152EE5EB252B33A5002F379C /* Main.storyboard */ = {
			isa = PBXVariantGroup;
			children = (
				152EE5EC252B33A5002F379C /* Base */,
			);
			name = Main.storyboard;
			sourceTree = "<group>";
		};
		152EE5F0252B33A7002F379C /* LaunchScreen.storyboard */ = {
			isa = PBXVariantGroup;
			children = (
				152EE5F1252B33A7002F379C /* Base */,
			);
			name = LaunchScreen.storyboard;
			sourceTree = "<group>";
		};
/* End PBXVariantGroup section */

/* Begin XCBuildConfiguration section */
		152EE5F4252B33A7002F379C /* Debug */ = {
			isa = XCBuildConfiguration;
			buildSettings = {
				ALWAYS_SEARCH_USER_PATHS = NO;
				CLANG_ANALYZER_NONNULL = YES;
				CLANG_ANALYZER_NUMBER_OBJECT_CONVERSION = YES_AGGRESSIVE;
				CLANG_CXX_LANGUAGE_STANDARD = "gnu++14";
				CLANG_CXX_LIBRARY = "libc++";
				CLANG_ENABLE_MODULES = YES;
				CLANG_ENABLE_OBJC_ARC = YES;
				CLANG_ENABLE_OBJC_WEAK = YES;
				CLANG_WARN_BLOCK_CAPTURE_AUTORELEASING = YES;
				CLANG_WARN_BOOL_CONVERSION = YES;
				CLANG_WARN_COMMA = YES;
				CLANG_WARN_CONSTANT_CONVERSION = YES;
				CLANG_WARN_DEPRECATED_OBJC_IMPLEMENTATIONS = YES;
				CLANG_WARN_DIRECT_OBJC_ISA_USAGE = YES_ERROR;
				CLANG_WARN_DOCUMENTATION_COMMENTS = YES;
				CLANG_WARN_EMPTY_BODY = YES;
				CLANG_WARN_ENUM_CONVERSION = YES;
				CLANG_WARN_INFINITE_RECURSION = YES;
				CLANG_WARN_INT_CONVERSION = YES;
				CLANG_WARN_NON_LITERAL_NULL_CONVERSION = YES;
				CLANG_WARN_OBJC_IMPLICIT_RETAIN_SELF = YES;
				CLANG_WARN_OBJC_LITERAL_CONVERSION = YES;
				CLANG_WARN_OBJC_ROOT_CLASS = YES_ERROR;
				CLANG_WARN_QUOTED_INCLUDE_IN_FRAMEWORK_HEADER = YES;
				CLANG_WARN_RANGE_LOOP_ANALYSIS = YES;
				CLANG_WARN_STRICT_PROTOTYPES = YES;
				CLANG_WARN_SUSPICIOUS_MOVE = YES;
				CLANG_WARN_UNGUARDED_AVAILABILITY = YES_AGGRESSIVE;
				CLANG_WARN_UNREACHABLE_CODE = YES;
				CLANG_WARN__DUPLICATE_METHOD_MATCH = YES;
				COPY_PHASE_STRIP = NO;
				DEBUG_INFORMATION_FORMAT = dwarf;
				ENABLE_STRICT_OBJC_MSGSEND = YES;
				ENABLE_TESTABILITY = YES;
				GCC_C_LANGUAGE_STANDARD = gnu11;
				GCC_DYNAMIC_NO_PIC = NO;
				GCC_NO_COMMON_BLOCKS = YES;
				GCC_OPTIMIZATION_LEVEL = 0;
				GCC_PREPROCESSOR_DEFINITIONS = (
					"DEBUG=1",
					"$(inherited)",
				);
				GCC_WARN_64_TO_32_BIT_CONVERSION = YES;
				GCC_WARN_ABOUT_RETURN_TYPE = YES_ERROR;
				GCC_WARN_UNDECLARED_SELECTOR = YES;
				GCC_WARN_UNINITIALIZED_AUTOS = YES_AGGRESSIVE;
				GCC_WARN_UNUSED_FUNCTION = YES;
				GCC_WARN_UNUSED_VARIABLE = YES;
				IPHONEOS_DEPLOYMENT_TARGET = 13.6;
				MTL_ENABLE_DEBUG_INFO = INCLUDE_SOURCE;
				MTL_FAST_MATH = YES;
				ONLY_ACTIVE_ARCH = YES;
				SDKROOT = iphoneos;
				SWIFT_ACTIVE_COMPILATION_CONDITIONS = DEBUG;
				SWIFT_OPTIMIZATION_LEVEL = "-Onone";
			};
			name = Debug;
		};
		152EE5F5252B33A7002F379C /* Release */ = {
			isa = XCBuildConfiguration;
			buildSettings = {
				ALWAYS_SEARCH_USER_PATHS = NO;
				CLANG_ANALYZER_NONNULL = YES;
				CLANG_ANALYZER_NUMBER_OBJECT_CONVERSION = YES_AGGRESSIVE;
				CLANG_CXX_LANGUAGE_STANDARD = "gnu++14";
				CLANG_CXX_LIBRARY = "libc++";
				CLANG_ENABLE_MODULES = YES;
				CLANG_ENABLE_OBJC_ARC = YES;
				CLANG_ENABLE_OBJC_WEAK = YES;
				CLANG_WARN_BLOCK_CAPTURE_AUTORELEASING = YES;
				CLANG_WARN_BOOL_CONVERSION = YES;
				CLANG_WARN_COMMA = YES;
				CLANG_WARN_CONSTANT_CONVERSION = YES;
				CLANG_WARN_DEPRECATED_OBJC_IMPLEMENTATIONS = YES;
				CLANG_WARN_DIRECT_OBJC_ISA_USAGE = YES_ERROR;
				CLANG_WARN_DOCUMENTATION_COMMENTS = YES;
				CLANG_WARN_EMPTY_BODY = YES;
				CLANG_WARN_ENUM_CONVERSION = YES;
				CLANG_WARN_INFINITE_RECURSION = YES;
				CLANG_WARN_INT_CONVERSION = YES;
				CLANG_WARN_NON_LITERAL_NULL_CONVERSION = YES;
				CLANG_WARN_OBJC_IMPLICIT_RETAIN_SELF = YES;
				CLANG_WARN_OBJC_LITERAL_CONVERSION = YES;
				CLANG_WARN_OBJC_ROOT_CLASS = YES_ERROR;
				CLANG_WARN_QUOTED_INCLUDE_IN_FRAMEWORK_HEADER = YES;
				CLANG_WARN_RANGE_LOOP_ANALYSIS = YES;
				CLANG_WARN_STRICT_PROTOTYPES = YES;
				CLANG_WARN_SUSPICIOUS_MOVE = YES;
				CLANG_WARN_UNGUARDED_AVAILABILITY = YES_AGGRESSIVE;
				CLANG_WARN_UNREACHABLE_CODE = YES;
				CLANG_WARN__DUPLICATE_METHOD_MATCH = YES;
				COPY_PHASE_STRIP = NO;
				DEBUG_INFORMATION_FORMAT = "dwarf-with-dsym";
				ENABLE_NS_ASSERTIONS = NO;
				ENABLE_STRICT_OBJC_MSGSEND = YES;
				GCC_C_LANGUAGE_STANDARD = gnu11;
				GCC_NO_COMMON_BLOCKS = YES;
				GCC_WARN_64_TO_32_BIT_CONVERSION = YES;
				GCC_WARN_ABOUT_RETURN_TYPE = YES_ERROR;
				GCC_WARN_UNDECLARED_SELECTOR = YES;
				GCC_WARN_UNINITIALIZED_AUTOS = YES_AGGRESSIVE;
				GCC_WARN_UNUSED_FUNCTION = YES;
				GCC_WARN_UNUSED_VARIABLE = YES;
				IPHONEOS_DEPLOYMENT_TARGET = 13.6;
				MTL_ENABLE_DEBUG_INFO = NO;
				MTL_FAST_MATH = YES;
				SDKROOT = iphoneos;
				SWIFT_COMPILATION_MODE = wholemodule;
				SWIFT_OPTIMIZATION_LEVEL = "-O";
				VALIDATE_PRODUCT = YES;
			};
			name = Release;
		};
		152EE5F7252B33A7002F379C /* Debug */ = {
			isa = XCBuildConfiguration;
			buildSettings = {
				ASSETCATALOG_COMPILER_APPICON_NAME = AppIcon;
				ASSETCATALOG_COMPILER_GLOBAL_ACCENT_COLOR_NAME = AccentColor;
				CODE_SIGN_ENTITLEMENTS = Memoria/Memoria.entitlements;
				CODE_SIGN_STYLE = Automatic;
				DEVELOPMENT_TEAM = KDP22XDFSU;
				INFOPLIST_FILE = Memoria/Info.plist;
				LD_RUNPATH_SEARCH_PATHS = (
					"$(inherited)",
					"@executable_path/Frameworks",
				);
				PRODUCT_BUNDLE_IDENTIFIER = gabino.luma.Memoria;
				PRODUCT_NAME = "$(TARGET_NAME)";
				SWIFT_VERSION = 5.0;
				TARGETED_DEVICE_FAMILY = "1,2";
			};
			name = Debug;
		};
		152EE5F8252B33A7002F379C /* Release */ = {
			isa = XCBuildConfiguration;
			buildSettings = {
				ASSETCATALOG_COMPILER_APPICON_NAME = AppIcon;
				ASSETCATALOG_COMPILER_GLOBAL_ACCENT_COLOR_NAME = AccentColor;
				CODE_SIGN_ENTITLEMENTS = Memoria/Memoria.entitlements;
				CODE_SIGN_STYLE = Automatic;
				DEVELOPMENT_TEAM = KDP22XDFSU;
				INFOPLIST_FILE = Memoria/Info.plist;
				LD_RUNPATH_SEARCH_PATHS = (
					"$(inherited)",
					"@executable_path/Frameworks",
				);
				PRODUCT_BUNDLE_IDENTIFIER = gabino.luma.Memoria;
				PRODUCT_NAME = "$(TARGET_NAME)";
				SWIFT_VERSION = 5.0;
				TARGETED_DEVICE_FAMILY = "1,2";
			};
			name = Release;
		};
/* End XCBuildConfiguration section */

/* Begin XCConfigurationList section */
		152EE5DD252B33A5002F379C /* Build configuration list for PBXProject "Memoria" */ = {
			isa = XCConfigurationList;
			buildConfigurations = (
				152EE5F4252B33A7002F379C /* Debug */,
				152EE5F5252B33A7002F379C /* Release */,
			);
			defaultConfigurationIsVisible = 0;
			defaultConfigurationName = Release;
		};
		152EE5F6252B33A7002F379C /* Build configuration list for PBXNativeTarget "Memoria" */ = {
			isa = XCConfigurationList;
			buildConfigurations = (
				152EE5F7252B33A7002F379C /* Debug */,
				152EE5F8252B33A7002F379C /* Release */,
			);
			defaultConfigurationIsVisible = 0;
			defaultConfigurationName = Release;
		};
/* End XCConfigurationList section */
	};
	rootObject = 152EE5DA252B33A5002F379C /* Project object */;
}
